
Microsoft Visual Studio Solution File, Format Version 12.00
# Visual Studio Version 16
VisualStudioVersion = 16.0.29728.190
MinimumVisualStudioVersion = 10.0.40219.1
Project("{9A19103F-16F7-4668-BE54-9A1E7A4F7556}") = "Soccer.Common", "Soccer.Common\Soccer.Common.csproj", "{BE56DF5C-F875-4379-BD16-99218E3E9CE5}"
EndProject
Project("{9A19103F-16F7-4668-BE54-9A1E7A4F7556}") = "Soccer.Web", "Soccer.Web\Soccer.Web.csproj", "{82C9D1F7-8AA9-40B9-9981-C220D87CD45C}"
EndProject
Project("{FAE04EC0-301F-11D3-BF4B-00C04F79EFBC}") = "Soccer.Prism", "Soccer.Prism\Soccer.Prism\Soccer.Prism.csproj", "{B4FB201D-DA9C-4322-8551-CB6ABF55619C}"
EndProject
Project("{FAE04EC0-301F-11D3-BF4B-00C04F79EFBC}") = "Soccer.Prism.Android", "Soccer.Prism\Soccer.Prism.Android\Soccer.Prism.Android.csproj", "{ADCCED08-5F09-452D-B137-E72FA5B0A44F}"
EndProject
Project("{FAE04EC0-301F-11D3-BF4B-00C04F79EFBC}") = "Soccer.Prism.iOS", "Soccer.Prism\Soccer.Prism.iOS\Soccer.Prism.iOS.csproj", "{933D0221-742D-4D14-B56A-2CE29FB503E7}"
EndProject
Project("{FAE04EC0-301F-11D3-BF4B-00C04F79EFBC}") = "Soccer.Cross.Android", "Soccer.Cross.Android\Soccer.Cross.Android.csproj", "{973750DE-3C33-4210-A763-CEED49066915}"
EndProject
Project("{FAE04EC0-301F-11D3-BF4B-00C04F79EFBC}") = "Soccer.Cross.iOS", "Soccer.Cross.iOS\Soccer.Cross.iOS.csproj", "{8E1A8256-1A44-4A56-8A30-B89AEC1B3682}"
EndProject
Global
	GlobalSection(SolutionConfigurationPlatforms) = preSolution
		Ad-Hoc|Any CPU = Ad-Hoc|Any CPU
		Ad-Hoc|iPhone = Ad-Hoc|iPhone
		Ad-Hoc|iPhoneSimulator = Ad-Hoc|iPhoneSimulator
		AppStore|Any CPU = AppStore|Any CPU
		AppStore|iPhone = AppStore|iPhone
		AppStore|iPhoneSimulator = AppStore|iPhoneSimulator
		Debug|Any CPU = Debug|Any CPU
		Debug|iPhone = Debug|iPhone
		Debug|iPhoneSimulator = Debug|iPhoneSimulator
		Release|Any CPU = Release|Any CPU
		Release|iPhone = Release|iPhone
		Release|iPhoneSimulator = Release|iPhoneSimulator
	EndGlobalSection
	GlobalSection(ProjectConfigurationPlatforms) = postSolution
		{BE56DF5C-F875-4379-BD16-99218E3E9CE5}.Ad-Hoc|Any CPU.ActiveCfg = Release|Any CPU
		{BE56DF5C-F875-4379-BD16-99218E3E9CE5}.Ad-Hoc|Any CPU.Build.0 = Release|Any CPU
		{BE56DF5C-F875-4379-BD16-99218E3E9CE5}.Ad-Hoc|iPhone.ActiveCfg = Release|Any CPU
		{BE56DF5C-F875-4379-BD16-99218E3E9CE5}.Ad-Hoc|iPhone.Build.0 = Release|Any CPU
		{BE56DF5C-F875-4379-BD16-99218E3E9CE5}.Ad-Hoc|iPhoneSimulator.ActiveCfg = Release|Any CPU
		{BE56DF5C-F875-4379-BD16-99218E3E9CE5}.Ad-Hoc|iPhoneSimulator.Build.0 = Release|Any CPU
		{BE56DF5C-F875-4379-BD16-99218E3E9CE5}.AppStore|Any CPU.ActiveCfg = Release|Any CPU
		{BE56DF5C-F875-4379-BD16-99218E3E9CE5}.AppStore|Any CPU.Build.0 = Release|Any CPU
		{BE56DF5C-F875-4379-BD16-99218E3E9CE5}.AppStore|iPhone.ActiveCfg = Release|Any CPU
		{BE56DF5C-F875-4379-BD16-99218E3E9CE5}.AppStore|iPhone.Build.0 = Release|Any CPU
		{BE56DF5C-F875-4379-BD16-99218E3E9CE5}.AppStore|iPhoneSimulator.ActiveCfg = Release|Any CPU
		{BE56DF5C-F875-4379-BD16-99218E3E9CE5}.AppStore|iPhoneSimulator.Build.0 = Release|Any CPU
		{BE56DF5C-F875-4379-BD16-99218E3E9CE5}.Debug|Any CPU.ActiveCfg = Debug|Any CPU
		{BE56DF5C-F875-4379-BD16-99218E3E9CE5}.Debug|Any CPU.Build.0 = Debug|Any CPU
		{BE56DF5C-F875-4379-BD16-99218E3E9CE5}.Debug|iPhone.ActiveCfg = Debug|Any CPU
		{BE56DF5C-F875-4379-BD16-99218E3E9CE5}.Debug|iPhone.Build.0 = Debug|Any CPU
		{BE56DF5C-F875-4379-BD16-99218E3E9CE5}.Debug|iPhoneSimulator.ActiveCfg = Debug|Any CPU
		{BE56DF5C-F875-4379-BD16-99218E3E9CE5}.Debug|iPhoneSimulator.Build.0 = Debug|Any CPU
		{BE56DF5C-F875-4379-BD16-99218E3E9CE5}.Release|Any CPU.ActiveCfg = Release|Any CPU
		{BE56DF5C-F875-4379-BD16-99218E3E9CE5}.Release|Any CPU.Build.0 = Release|Any CPU
		{BE56DF5C-F875-4379-BD16-99218E3E9CE5}.Release|iPhone.ActiveCfg = Release|Any CPU
		{BE56DF5C-F875-4379-BD16-99218E3E9CE5}.Release|iPhone.Build.0 = Release|Any CPU
		{BE56DF5C-F875-4379-BD16-99218E3E9CE5}.Release|iPhoneSimulator.ActiveCfg = Release|Any CPU
		{BE56DF5C-F875-4379-BD16-99218E3E9CE5}.Release|iPhoneSimulator.Build.0 = Release|Any CPU
		{82C9D1F7-8AA9-40B9-9981-C220D87CD45C}.Ad-Hoc|Any CPU.ActiveCfg = Release|Any CPU
		{82C9D1F7-8AA9-40B9-9981-C220D87CD45C}.Ad-Hoc|Any CPU.Build.0 = Release|Any CPU
		{82C9D1F7-8AA9-40B9-9981-C220D87CD45C}.Ad-Hoc|iPhone.ActiveCfg = Release|Any CPU
		{82C9D1F7-8AA9-40B9-9981-C220D87CD45C}.Ad-Hoc|iPhone.Build.0 = Release|Any CPU
		{82C9D1F7-8AA9-40B9-9981-C220D87CD45C}.Ad-Hoc|iPhoneSimulator.ActiveCfg = Release|Any CPU
		{82C9D1F7-8AA9-40B9-9981-C220D87CD45C}.Ad-Hoc|iPhoneSimulator.Build.0 = Release|Any CPU
		{82C9D1F7-8AA9-40B9-9981-C220D87CD45C}.AppStore|Any CPU.ActiveCfg = Release|Any CPU
		{82C9D1F7-8AA9-40B9-9981-C220D87CD45C}.AppStore|Any CPU.Build.0 = Release|Any CPU
		{82C9D1F7-8AA9-40B9-9981-C220D87CD45C}.AppStore|iPhone.ActiveCfg = Release|Any CPU
		{82C9D1F7-8AA9-40B9-9981-C220D87CD45C}.AppStore|iPhone.Build.0 = Release|Any CPU
		{82C9D1F7-8AA9-40B9-9981-C220D87CD45C}.AppStore|iPhoneSimulator.ActiveCfg = Release|Any CPU
		{82C9D1F7-8AA9-40B9-9981-C220D87CD45C}.AppStore|iPhoneSimulator.Build.0 = Release|Any CPU
		{82C9D1F7-8AA9-40B9-9981-C220D87CD45C}.Debug|Any CPU.ActiveCfg = Debug|Any CPU
		{82C9D1F7-8AA9-40B9-9981-C220D87CD45C}.Debug|Any CPU.Build.0 = Debug|Any CPU
		{82C9D1F7-8AA9-40B9-9981-C220D87CD45C}.Debug|iPhone.ActiveCfg = Debug|Any CPU
		{82C9D1F7-8AA9-40B9-9981-C220D87CD45C}.Debug|iPhone.Build.0 = Debug|Any CPU
		{82C9D1F7-8AA9-40B9-9981-C220D87CD45C}.Debug|iPhoneSimulator.ActiveCfg = Debug|Any CPU
		{82C9D1F7-8AA9-40B9-9981-C220D87CD45C}.Debug|iPhoneSimulator.Build.0 = Debug|Any CPU
		{82C9D1F7-8AA9-40B9-9981-C220D87CD45C}.Release|Any CPU.ActiveCfg = Release|Any CPU
		{82C9D1F7-8AA9-40B9-9981-C220D87CD45C}.Release|Any CPU.Build.0 = Release|Any CPU
		{82C9D1F7-8AA9-40B9-9981-C220D87CD45C}.Release|iPhone.ActiveCfg = Release|Any CPU
		{82C9D1F7-8AA9-40B9-9981-C220D87CD45C}.Release|iPhone.Build.0 = Release|Any CPU
		{82C9D1F7-8AA9-40B9-9981-C220D87CD45C}.Release|iPhoneSimulator.ActiveCfg = Release|Any CPU
		{82C9D1F7-8AA9-40B9-9981-C220D87CD45C}.Release|iPhoneSimulator.Build.0 = Release|Any CPU
		{B4FB201D-DA9C-4322-8551-CB6ABF55619C}.Ad-Hoc|Any CPU.ActiveCfg = Debug|Any CPU
		{B4FB201D-DA9C-4322-8551-CB6ABF55619C}.Ad-Hoc|Any CPU.Build.0 = Debug|Any CPU
		{B4FB201D-DA9C-4322-8551-CB6ABF55619C}.Ad-Hoc|iPhone.ActiveCfg = Debug|Any CPU
		{B4FB201D-DA9C-4322-8551-CB6ABF55619C}.Ad-Hoc|iPhone.Build.0 = Debug|Any CPU
		{B4FB201D-DA9C-4322-8551-CB6ABF55619C}.Ad-Hoc|iPhoneSimulator.ActiveCfg = Debug|Any CPU
		{B4FB201D-DA9C-4322-8551-CB6ABF55619C}.Ad-Hoc|iPhoneSimulator.Build.0 = Debug|Any CPU
		{B4FB201D-DA9C-4322-8551-CB6ABF55619C}.AppStore|Any CPU.ActiveCfg = Debug|Any CPU
		{B4FB201D-DA9C-4322-8551-CB6ABF55619C}.AppStore|Any CPU.Build.0 = Debug|Any CPU
		{B4FB201D-DA9C-4322-8551-CB6ABF55619C}.AppStore|iPhone.ActiveCfg = Debug|Any CPU
		{B4FB201D-DA9C-4322-8551-CB6ABF55619C}.AppStore|iPhone.Build.0 = Debug|Any CPU
		{B4FB201D-DA9C-4322-8551-CB6ABF55619C}.AppStore|iPhoneSimulator.ActiveCfg = Debug|Any CPU
		{B4FB201D-DA9C-4322-8551-CB6ABF55619C}.AppStore|iPhoneSimulator.Build.0 = Debug|Any CPU
		{B4FB201D-DA9C-4322-8551-CB6ABF55619C}.Debug|Any CPU.ActiveCfg = Debug|Any CPU
		{B4FB201D-DA9C-4322-8551-CB6ABF55619C}.Debug|Any CPU.Build.0 = Debug|Any CPU
		{B4FB201D-DA9C-4322-8551-CB6ABF55619C}.Debug|iPhone.ActiveCfg = Debug|Any CPU
		{B4FB201D-DA9C-4322-8551-CB6ABF55619C}.Debug|iPhone.Build.0 = Debug|Any CPU
		{B4FB201D-DA9C-4322-8551-CB6ABF55619C}.Debug|iPhoneSimulator.ActiveCfg = Debug|Any CPU
		{B4FB201D-DA9C-4322-8551-CB6ABF55619C}.Debug|iPhoneSimulator.Build.0 = Debug|Any CPU
		{B4FB201D-DA9C-4322-8551-CB6ABF55619C}.Release|Any CPU.ActiveCfg = Release|Any CPU
		{B4FB201D-DA9C-4322-8551-CB6ABF55619C}.Release|Any CPU.Build.0 = Release|Any CPU
		{B4FB201D-DA9C-4322-8551-CB6ABF55619C}.Release|iPhone.ActiveCfg = Release|Any CPU
		{B4FB201D-DA9C-4322-8551-CB6ABF55619C}.Release|iPhone.Build.0 = Release|Any CPU
		{B4FB201D-DA9C-4322-8551-CB6ABF55619C}.Release|iPhoneSimulator.ActiveCfg = Release|Any CPU
		{B4FB201D-DA9C-4322-8551-CB6ABF55619C}.Release|iPhoneSimulator.Build.0 = Release|Any CPU
		{ADCCED08-5F09-452D-B137-E72FA5B0A44F}.Ad-Hoc|Any CPU.ActiveCfg = Release|Any CPU
		{ADCCED08-5F09-452D-B137-E72FA5B0A44F}.Ad-Hoc|Any CPU.Build.0 = Release|Any CPU
		{ADCCED08-5F09-452D-B137-E72FA5B0A44F}.Ad-Hoc|Any CPU.Deploy.0 = Release|Any CPU
		{ADCCED08-5F09-452D-B137-E72FA5B0A44F}.Ad-Hoc|iPhone.ActiveCfg = Release|Any CPU
		{ADCCED08-5F09-452D-B137-E72FA5B0A44F}.Ad-Hoc|iPhone.Build.0 = Release|Any CPU
		{ADCCED08-5F09-452D-B137-E72FA5B0A44F}.Ad-Hoc|iPhone.Deploy.0 = Release|Any CPU
		{ADCCED08-5F09-452D-B137-E72FA5B0A44F}.Ad-Hoc|iPhoneSimulator.ActiveCfg = Release|Any CPU
		{ADCCED08-5F09-452D-B137-E72FA5B0A44F}.Ad-Hoc|iPhoneSimulator.Build.0 = Release|Any CPU
		{ADCCED08-5F09-452D-B137-E72FA5B0A44F}.Ad-Hoc|iPhoneSimulator.Deploy.0 = Release|Any CPU
		{ADCCED08-5F09-452D-B137-E72FA5B0A44F}.AppStore|Any CPU.ActiveCfg = Release|Any CPU
		{ADCCED08-5F09-452D-B137-E72FA5B0A44F}.AppStore|Any CPU.Build.0 = Release|Any CPU
		{ADCCED08-5F09-452D-B137-E72FA5B0A44F}.AppStore|Any CPU.Deploy.0 = Release|Any CPU
		{ADCCED08-5F09-452D-B137-E72FA5B0A44F}.AppStore|iPhone.ActiveCfg = Release|Any CPU
		{ADCCED08-5F09-452D-B137-E72FA5B0A44F}.AppStore|iPhone.Build.0 = Release|Any CPU
		{ADCCED08-5F09-452D-B137-E72FA5B0A44F}.AppStore|iPhone.Deploy.0 = Release|Any CPU
		{ADCCED08-5F09-452D-B137-E72FA5B0A44F}.AppStore|iPhoneSimulator.ActiveCfg = Release|Any CPU
		{ADCCED08-5F09-452D-B137-E72FA5B0A44F}.AppStore|iPhoneSimulator.Build.0 = Release|Any CPU
		{ADCCED08-5F09-452D-B137-E72FA5B0A44F}.AppStore|iPhoneSimulator.Deploy.0 = Release|Any CPU
		{ADCCED08-5F09-452D-B137-E72FA5B0A44F}.Debug|Any CPU.ActiveCfg = Debug|Any CPU
		{ADCCED08-5F09-452D-B137-E72FA5B0A44F}.Debug|Any CPU.Build.0 = Debug|Any CPU
		{ADCCED08-5F09-452D-B137-E72FA5B0A44F}.Debug|Any CPU.Deploy.0 = Debug|Any CPU
		{ADCCED08-5F09-452D-B137-E72FA5B0A44F}.Debug|iPhone.ActiveCfg = Debug|Any CPU
		{ADCCED08-5F09-452D-B137-E72FA5B0A44F}.Debug|iPhone.Build.0 = Debug|Any CPU
		{ADCCED08-5F09-452D-B137-E72FA5B0A44F}.Debug|iPhone.Deploy.0 = Debug|Any CPU
		{ADCCED08-5F09-452D-B137-E72FA5B0A44F}.Debug|iPhoneSimulator.ActiveCfg = Debug|Any CPU
		{ADCCED08-5F09-452D-B137-E72FA5B0A44F}.Debug|iPhoneSimulator.Build.0 = Debug|Any CPU
		{ADCCED08-5F09-452D-B137-E72FA5B0A44F}.Debug|iPhoneSimulator.Deploy.0 = Debug|Any CPU
		{ADCCED08-5F09-452D-B137-E72FA5B0A44F}.Release|Any CPU.ActiveCfg = Release|Any CPU
		{ADCCED08-5F09-452D-B137-E72FA5B0A44F}.Release|Any CPU.Build.0 = Release|Any CPU
		{ADCCED08-5F09-452D-B137-E72FA5B0A44F}.Release|Any CPU.Deploy.0 = Release|Any CPU
		{ADCCED08-5F09-452D-B137-E72FA5B0A44F}.Release|iPhone.ActiveCfg = Release|Any CPU
		{ADCCED08-5F09-452D-B137-E72FA5B0A44F}.Release|iPhone.Build.0 = Release|Any CPU
		{ADCCED08-5F09-452D-B137-E72FA5B0A44F}.Release|iPhone.Deploy.0 = Release|Any CPU
		{ADCCED08-5F09-452D-B137-E72FA5B0A44F}.Release|iPhoneSimulator.ActiveCfg = Release|Any CPU
		{ADCCED08-5F09-452D-B137-E72FA5B0A44F}.Release|iPhoneSimulator.Build.0 = Release|Any CPU
		{ADCCED08-5F09-452D-B137-E72FA5B0A44F}.Release|iPhoneSimulator.Deploy.0 = Release|Any CPU
		{933D0221-742D-4D14-B56A-2CE29FB503E7}.Ad-Hoc|Any CPU.ActiveCfg = Ad-Hoc|iPhone
		{933D0221-742D-4D14-B56A-2CE29FB503E7}.Ad-Hoc|iPhone.ActiveCfg = Ad-Hoc|iPhone
		{933D0221-742D-4D14-B56A-2CE29FB503E7}.Ad-Hoc|iPhone.Build.0 = Ad-Hoc|iPhone
		{933D0221-742D-4D14-B56A-2CE29FB503E7}.Ad-Hoc|iPhoneSimulator.ActiveCfg = Ad-Hoc|iPhoneSimulator
		{933D0221-742D-4D14-B56A-2CE29FB503E7}.Ad-Hoc|iPhoneSimulator.Build.0 = Ad-Hoc|iPhoneSimulator
		{933D0221-742D-4D14-B56A-2CE29FB503E7}.AppStore|Any CPU.ActiveCfg = AppStore|iPhone
		{933D0221-742D-4D14-B56A-2CE29FB503E7}.AppStore|iPhone.ActiveCfg = AppStore|iPhone
		{933D0221-742D-4D14-B56A-2CE29FB503E7}.AppStore|iPhone.Build.0 = AppStore|iPhone
		{933D0221-742D-4D14-B56A-2CE29FB503E7}.AppStore|iPhoneSimulator.ActiveCfg = AppStore|iPhoneSimulator
		{933D0221-742D-4D14-B56A-2CE29FB503E7}.AppStore|iPhoneSimulator.Build.0 = AppStore|iPhoneSimulator
		{933D0221-742D-4D14-B56A-2CE29FB503E7}.Debug|Any CPU.ActiveCfg = Debug|iPhone
		{933D0221-742D-4D14-B56A-2CE29FB503E7}.Debug|iPhone.ActiveCfg = Debug|iPhone
		{933D0221-742D-4D14-B56A-2CE29FB503E7}.Debug|iPhone.Build.0 = Debug|iPhone
		{933D0221-742D-4D14-B56A-2CE29FB503E7}.Debug|iPhoneSimulator.ActiveCfg = Debug|iPhoneSimulator
		{933D0221-742D-4D14-B56A-2CE29FB503E7}.Debug|iPhoneSimulator.Build.0 = Debug|iPhoneSimulator
		{933D0221-742D-4D14-B56A-2CE29FB503E7}.Release|Any CPU.ActiveCfg = Release|iPhone
		{933D0221-742D-4D14-B56A-2CE29FB503E7}.Release|iPhone.ActiveCfg = Release|iPhone
		{933D0221-742D-4D14-B56A-2CE29FB503E7}.Release|iPhone.Build.0 = Release|iPhone
		{933D0221-742D-4D14-B56A-2CE29FB503E7}.Release|iPhoneSimulator.ActiveCfg = Release|iPhoneSimulator
		{933D0221-742D-4D14-B56A-2CE29FB503E7}.Release|iPhoneSimulator.Build.0 = Release|iPhoneSimulator
		{973750DE-3C33-4210-A763-CEED49066915}.Ad-Hoc|Any CPU.ActiveCfg = Release|Any CPU
		{973750DE-3C33-4210-A763-CEED49066915}.Ad-Hoc|Any CPU.Build.0 = Release|Any CPU
		{973750DE-3C33-4210-A763-CEED49066915}.Ad-Hoc|Any CPU.Deploy.0 = Release|Any CPU
		{973750DE-3C33-4210-A763-CEED49066915}.Ad-Hoc|iPhone.ActiveCfg = Release|Any CPU
		{973750DE-3C33-4210-A763-CEED49066915}.Ad-Hoc|iPhone.Build.0 = Release|Any CPU
		{973750DE-3C33-4210-A763-CEED49066915}.Ad-Hoc|iPhone.Deploy.0 = Release|Any CPU
		{973750DE-3C33-4210-A763-CEED49066915}.Ad-Hoc|iPhoneSimulator.ActiveCfg = Release|Any CPU
		{973750DE-3C33-4210-A763-CEED49066915}.Ad-Hoc|iPhoneSimulator.Build.0 = Release|Any CPU
		{973750DE-3C33-4210-A763-CEED49066915}.Ad-Hoc|iPhoneSimulator.Deploy.0 = Release|Any CPU
		{973750DE-3C33-4210-A763-CEED49066915}.AppStore|Any CPU.ActiveCfg = Release|Any CPU
		{973750DE-3C33-4210-A763-CEED49066915}.AppStore|Any CPU.Build.0 = Release|Any CPU
		{973750DE-3C33-4210-A763-CEED49066915}.AppStore|Any CPU.Deploy.0 = Release|Any CPU
		{973750DE-3C33-4210-A763-CEED49066915}.AppStore|iPhone.ActiveCfg = Release|Any CPU
		{973750DE-3C33-4210-A763-CEED49066915}.AppStore|iPhone.Build.0 = Release|Any CPU
		{973750DE-3C33-4210-A763-CEED49066915}.AppStore|iPhone.Deploy.0 = Release|Any CPU
		{973750DE-3C33-4210-A763-CEED49066915}.AppStore|iPhoneSimulator.ActiveCfg = Release|Any CPU
		{973750DE-3C33-4210-A763-CEED49066915}.AppStore|iPhoneSimulator.Build.0 = Release|Any CPU
		{973750DE-3C33-4210-A763-CEED49066915}.AppStore|iPhoneSimulator.Deploy.0 = Release|Any CPU
		{973750DE-3C33-4210-A763-CEED49066915}.Debug|Any CPU.ActiveCfg = Debug|Any CPU
		{973750DE-3C33-4210-A763-CEED49066915}.Debug|Any CPU.Build.0 = Debug|Any CPU
		{973750DE-3C33-4210-A763-CEED49066915}.Debug|Any CPU.Deploy.0 = Debug|Any CPU
		{973750DE-3C33-4210-A763-CEED49066915}.Debug|iPhone.ActiveCfg = Debug|Any CPU
		{973750DE-3C33-4210-A763-CEED49066915}.Debug|iPhone.Build.0 = Debug|Any CPU
		{973750DE-3C33-4210-A763-CEED49066915}.Debug|iPhone.Deploy.0 = Debug|Any CPU
		{973750DE-3C33-4210-A763-CEED49066915}.Debug|iPhoneSimulator.ActiveCfg = Debug|Any CPU
		{973750DE-3C33-4210-A763-CEED49066915}.Debug|iPhoneSimulator.Build.0 = Debug|Any CPU
		{973750DE-3C33-4210-A763-CEED49066915}.Debug|iPhoneSimulator.Deploy.0 = Debug|Any CPU
		{973750DE-3C33-4210-A763-CEED49066915}.Release|Any CPU.ActiveCfg = Release|Any CPU
		{973750DE-3C33-4210-A763-CEED49066915}.Release|Any CPU.Build.0 = Release|Any CPU
		{973750DE-3C33-4210-A763-CEED49066915}.Release|Any CPU.Deploy.0 = Release|Any CPU
		{973750DE-3C33-4210-A763-CEED49066915}.Release|iPhone.ActiveCfg = Release|Any CPU
		{973750DE-3C33-4210-A763-CEED49066915}.Release|iPhone.Build.0 = Release|Any CPU
		{973750DE-3C33-4210-A763-CEED49066915}.Release|iPhone.Deploy.0 = Release|Any CPU
		{973750DE-3C33-4210-A763-CEED49066915}.Release|iPhoneSimulator.ActiveCfg = Release|Any CPU
		{973750DE-3C33-4210-A763-CEED49066915}.Release|iPhoneSimulator.Build.0 = Release|Any CPU
		{973750DE-3C33-4210-A763-CEED49066915}.Release|iPhoneSimulator.Deploy.0 = Release|Any CPU
		{8E1A8256-1A44-4A56-8A30-B89AEC1B3682}.Ad-Hoc|Any CPU.ActiveCfg = Release|iPhone
		{8E1A8256-1A44-4A56-8A30-B89AEC1B3682}.Ad-Hoc|Any CPU.Build.0 = Release|iPhone
		{8E1A8256-1A44-4A56-8A30-B89AEC1B3682}.Ad-Hoc|iPhone.ActiveCfg = Release|iPhone
		{8E1A8256-1A44-4A56-8A30-B89AEC1B3682}.Ad-Hoc|iPhone.Build.0 = Release|iPhone
		{8E1A8256-1A44-4A56-8A30-B89AEC1B3682}.Ad-Hoc|iPhoneSimulator.ActiveCfg = Release|iPhoneSimulator
		{8E1A8256-1A44-4A56-8A30-B89AEC1B3682}.Ad-Hoc|iPhoneSimulator.Build.0 = Release|iPhoneSimulator
		{8E1A8256-1A44-4A56-8A30-B89AEC1B3682}.AppStore|Any CPU.ActiveCfg = Release|iPhone
		{8E1A8256-1A44-4A56-8A30-B89AEC1B3682}.AppStore|Any CPU.Build.0 = Release|iPhone
		{8E1A8256-1A44-4A56-8A30-B89AEC1B3682}.AppStore|iPhone.ActiveCfg = Release|iPhone
		{8E1A8256-1A44-4A56-8A30-B89AEC1B3682}.AppStore|iPhone.Build.0 = Release|iPhone
		{8E1A8256-1A44-4A56-8A30-B89AEC1B3682}.AppStore|iPhoneSimulator.ActiveCfg = Release|iPhoneSimulator
		{8E1A8256-1A44-4A56-8A30-B89AEC1B3682}.AppStore|iPhoneSimulator.Build.0 = Release|iPhoneSimulator
		{8E1A8256-1A44-4A56-8A30-B89AEC1B3682}.Debug|Any CPU.ActiveCfg = Debug|iPhone
		{8E1A8256-1A44-4A56-8A30-B89AEC1B3682}.Debug|iPhone.ActiveCfg = Debug|iPhone
		{8E1A8256-1A44-4A56-8A30-B89AEC1B3682}.Debug|iPhone.Build.0 = Debug|iPhone
		{8E1A8256-1A44-4A56-8A30-B89AEC1B3682}.Debug|iPhoneSimulator.ActiveCfg = Debug|iPhoneSimulator
		{8E1A8256-1A44-4A56-8A30-B89AEC1B3682}.Debug|iPhoneSimulator.Build.0 = Debug|iPhoneSimulator
		{8E1A8256-1A44-4A56-8A30-B89AEC1B3682}.Release|Any CPU.ActiveCfg = Release|iPhone
		{8E1A8256-1A44-4A56-8A30-B89AEC1B3682}.Release|iPhone.ActiveCfg = Release|iPhone
		{8E1A8256-1A44-4A56-8A30-B89AEC1B3682}.Release|iPhone.Build.0 = Release|iPhone
		{8E1A8256-1A44-4A56-8A30-B89AEC1B3682}.Release|iPhoneSimulator.ActiveCfg = Release|iPhoneSimulator
		{8E1A8256-1A44-4A56-8A30-B89AEC1B3682}.Release|iPhoneSimulator.Build.0 = Release|iPhoneSimulator
	EndGlobalSection
	GlobalSection(SolutionProperties) = preSolution
		HideSolutionNode = FALSE
	EndGlobalSection
	GlobalSection(ExtensibilityGlobals) = postSolution
		SolutionGuid = {E1C323DE-8225-462F-8404-C0CB7EDECE53}
	EndGlobalSection
EndGlobal
